
Microsoft Visual Studio Solution File, Format Version 12.00
# Visual Studio Version 17
VisualStudioVersion = 17.4.33110.190
MinimumVisualStudioVersion = 10.0.40219.1
Project("{9A19103F-16F7-4668-BE54-9A1E7A4F7556}") = "WPFUI", "WPFUI\WPFUI.csproj", "{DCDE70BC-F7E8-47F0-9CF0-3894BB09D64C}"
EndProject
Project("{FAE04EC0-301F-11D3-BF4B-00C04F79EFBC}") = "Engine", "Engine\Engine.csproj", "{BAFA6C6F-040D-4321-B79E-54B075D0CA95}"
EndProject
Global
	GlobalSection(SolutionConfigurationPlatforms) = preSolution
		Debug|Any CPU = Debug|Any CPU
		Release|Any CPU = Release|Any CPU
	EndGlobalSection
	GlobalSection(ProjectConfigurationPlatforms) = postSolution
		{DCDE70BC-F7E8-47F0-9CF0-3894BB09D64C}.Debug|Any CPU.ActiveCfg = Debug|Any CPU
		{DCDE70BC-F7E8-47F0-9CF0-3894BB09D64C}.Debug|Any CPU.Build.0 = Debug|Any CPU
		{DCDE70BC-F7E8-47F0-9CF0-3894BB09D64C}.Release|Any CPU.ActiveCfg = Release|Any CPU
		{DCDE70BC-F7E8-47F0-9CF0-3894BB09D64C}.Release|Any CPU.Build.0 = Release|Any CPU
		{BAFA6C6F-040D-4321-B79E-54B075D0CA95}.Debug|Any CPU.ActiveCfg = Debug|Any CPU
		{BAFA6C6F-040D-4321-B79E-54B075D0CA95}.Debug|Any CPU.Build.0 = Debug|Any CPU
		{BAFA6C6F-040D-4321-B79E-54B075D0CA95}.Release|Any CPU.ActiveCfg = Release|Any CPU
		{BAFA6C6F-040D-4321-B79E-54B075D0CA95}.Release|Any CPU.Build.0 = Release|Any CPU
	EndGlobalSection
	GlobalSection(SolutionProperties) = preSolution
		HideSolutionNode = FALSE
	EndGlobalSection
	GlobalSection(ExtensibilityGlobals) = postSolution
		SolutionGuid = {A040C407-C61D-4C20-9D78-76C3095111D6}
	EndGlobalSection
EndGlobal
